<?xml version="1.0" encoding="utf-8"?>
<Project ToolsVersion="4.0" xmlns="http://schemas.microsoft.com/developer/msbuild/2003">
  <ItemGroup>
    <ClCompile Include="src\main.cpp" />
    <ClCompile Include="src\Window\window.cpp" />
    <ClCompile Include="src\Application\application.cpp" />
    <ClCompile Include="src\Utils\FileManagement\file_manager.cpp" />
    <ClCompile Include="src\Renderer\pipeline.cpp" />
    <ClCompile Include="src\Renderer\device.cpp" />
    <ClCompile Include="src\Renderer\swapchain.cpp" />
    <ClCompile Include="src\Renderer\queuefamily.cpp" />
    <ClCompile Include="src\Model\model.cpp" />
    <ClCompile Include="src\GameObject\gameobject.cpp" />
    <ClCompile Include="src\Renderer\renderer.cpp" />
    <ClCompile Include="src\Components\camera.cpp" />
    <ClCompile Include="src\Renderer\buffer.cpp" />
    <ClCompile Include="src\Renderer\descriptors.cpp" />
    <ClCompile Include="src\Systems\Physics\physics.cpp" />
    <ClCompile Include="src\Systems\Renderable\renderable_system.cpp" />
    <ClCompile Include="src\Systems\Renderable\light_source_render_system.cpp" />
    <ClCompile Include="src\Systems\Camera\camera_system.cpp" />
    <ClCompile Include="src\Components\transform.cpp" />
    <ClCompile Include="src\Systems\Renderable\wireframe_render_system.cpp" />
    <ClCompile Include="src\Systems\Renderable\solid_mode_render_system.cpp" />
    <ClCompile Include="src\Resources\resources_loader.cpp" />
    <ClCompile Include="src\Systems\Renderable\debug_collision_render_system.cpp" />
    <ClCompile Include="ThirdParty\imgui\imgui.cpp" />
    <ClCompile Include="ThirdParty\imgui\imgui_demo.cpp" />
    <ClCompile Include="ThirdParty\imgui\imgui_draw.cpp" />
    <ClCompile Include="ThirdParty\imgui\imgui_tables.cpp" />
    <ClCompile Include="ThirdParty\imgui\imgui_widgets.cpp" />
  </ItemGroup>
  <ItemGroup>
    <ClInclude Include="src\Window\window.hpp" />
    <ClInclude Include="src\Application\application.hpp" />
    <ClInclude Include="src\Renderer\pipeline.hpp" />
    <ClInclude Include="src\Utils\FileManagement\file_manager.h" />
    <ClInclude Include="src\Renderer\device.hpp" />
    <ClInclude Include="src\Renderer\swapchain.hpp" />
    <ClInclude Include="src\Renderer\queuefamily.hpp" />
    <ClInclude Include="src\Model\model.hpp" />
    <ClInclude Include="src\GameObject\gameobject.hpp" />
    <ClInclude Include="src\Renderer\renderer.hpp" />
    <ClInclude Include="src\Components\camera.hpp" />
    <ClInclude Include="src\Utils\utils.hpp" />
    <ClInclude Include="src\Renderer\buffer.hpp" />
    <ClInclude Include="src\Renderer\frame_info.hpp" />
    <ClInclude Include="src\Renderer\descriptors.hpp" />
    <ClInclude Include="src\Components\pointlight_component.hpp" />
    <ClInclude Include="src\ECS\entity_manager.hpp" />
    <ClInclude Include="src\ECS\types.hpp" />
    <ClInclude Include="src\ECS\component_array.hpp" />
    <ClInclude Include="src\ECS\component_manager.hpp" />
    <ClInclude Include="src\ECS\system.hpp" />
    <ClInclude Include="src\ECS\system_manager.hpp" />
    <ClInclude Include="src\ECS\ecs_manager.hpp" />
    <ClInclude Include="src\Systems\Physics\physics.hpp" />
    <ClInclude Include="src\Components\mesh_renderer.hpp" />
    <ClInclude Include="src\Systems\Renderable\renderable_system.hpp" />
    <ClInclude Include="src\Systems\Renderable\light_source_render_system.hpp" />
    <ClInclude Include="src\Systems\Camera\camera_system.hpp" />
    <ClInclude Include="src\Components\components.h" />
    <ClInclude Include="src\Components\transform.hpp" />
    <ClInclude Include="src\Components\Physics\box_collider.hpp" />
    <ClInclude Include="src\Systems\Renderable\wireframe_render_system.hpp" />
    <ClInclude Include="src\Systems\Renderable\solid_mode_render_system.hpp" />
    <ClInclude Include="src\Resources\resources_loader.hpp" />
    <ClInclude Include="src\defines.h" />
    <ClInclude Include="src\Systems\Renderable\debug_collision_render_system.hpp" />
    <ClInclude Include="ThirdParty\imgui\imconfig.h" />
    <ClInclude Include="ThirdParty\imgui\imgui.h" />
    <ClInclude Include="ThirdParty\imgui\imgui_internal.h" />
    <ClInclude Include="ThirdParty\imgui\imstb_rectpack.h" />
    <ClInclude Include="ThirdParty\imgui\imstb_textedit.h" />
    <ClInclude Include="ThirdParty\imgui\imstb_truetype.h" />
  </ItemGroup>
  <ItemGroup>
    <None Include="shaders\simple.vert" />
    <None Include="shaders\simple.frag" />
    <None Include="shaders\compile.bat" />
  </ItemGroup>
</Project>